// !$*UTF8*$!
{
	archiveVersion = 1;
	classes = {
	};
	objectVersion = 56;
	objects = {

/* Begin PBXBuildFile section */
		9828AD502BFB36330030606D /* FeatureFlagProvider.swift in Sources */ = {isa = PBXBuildFile; fileRef = 9828AD4F2BFB36330030606D /* FeatureFlagProvider.swift */; };
		9828AD522BFB39F60030606D /* GoogleService-Info.plist in Resources */ = {isa = PBXBuildFile; fileRef = 9828AD512BFB39F60030606D /* GoogleService-Info.plist */; };
		9828AD532BFB3B660030606D /* GoogleService-Info.plist in Resources */ = {isa = PBXBuildFile; fileRef = 9828AD512BFB39F60030606D /* GoogleService-Info.plist */; };
		9828AD552BFB40C20030606D /* Resolver+Resolve.swift in Sources */ = {isa = PBXBuildFile; fileRef = 9828AD542BFB40C20030606D /* Resolver+Resolve.swift */; };
		9828AD562BFB41D00030606D /* Resolver+Resolve.swift in Sources */ = {isa = PBXBuildFile; fileRef = 9828AD542BFB40C20030606D /* Resolver+Resolve.swift */; };
		9828AD572BFB430D0030606D /* FeatureFlagProvider.swift in Sources */ = {isa = PBXBuildFile; fileRef = 9828AD4F2BFB36330030606D /* FeatureFlagProvider.swift */; };
		9828AD5A2BFB47080030606D /* ServicesAssembly+Autoregister.swift in Sources */ = {isa = PBXBuildFile; fileRef = 9828AD582BFB46660030606D /* ServicesAssembly+Autoregister.swift */; };
		98DAEA142BFC75F6002988AC /* ScreenAssembly+Register.swift in Sources */ = {isa = PBXBuildFile; fileRef = 98DAEA132BFC75F6002988AC /* ScreenAssembly+Register.swift */; };
		98DAEA172BFC7668002988AC /* ScreenAssembly+Autoregister.swift in Sources */ = {isa = PBXBuildFile; fileRef = 98DAEA152BFC7607002988AC /* ScreenAssembly+Autoregister.swift */; };
		98DAEA212BFC7C63002988AC /* Container+Namespace.swift in Sources */ = {isa = PBXBuildFile; fileRef = 98DAEA202BFC7C63002988AC /* Container+Namespace.swift */; };
		98DAEA222BFC7CF8002988AC /* Container+Namespace.swift in Sources */ = {isa = PBXBuildFile; fileRef = 98DAEA202BFC7C63002988AC /* Container+Namespace.swift */; };
		98DAEA262BFCACF8002988AC /* Contaier+Resolve.swift in Sources */ = {isa = PBXBuildFile; fileRef = 98DAEA252BFCACF8002988AC /* Contaier+Resolve.swift */; };
		98DAEA272BFCAD04002988AC /* Contaier+Resolve.swift in Sources */ = {isa = PBXBuildFile; fileRef = 98DAEA252BFCACF8002988AC /* Contaier+Resolve.swift */; };
		AF302C4F2BAC0FA5002E686E /* UserRepository.swift in Sources */ = {isa = PBXBuildFile; fileRef = AF302C4E2BAC0FA5002E686E /* UserRepository.swift */; };
		AF302C512BAC1545002E686E /* CharactersRepository.swift in Sources */ = {isa = PBXBuildFile; fileRef = AF302C502BAC1545002E686E /* CharactersRepository.swift */; };
		AF302C562BAC2CEE002E686E /* APIConfiguration.swift in Sources */ = {isa = PBXBuildFile; fileRef = AF302C552BAC2CEE002E686E /* APIConfiguration.swift */; };
		AF302C662BAC466F002E686E /* FirebaseAnalytics in Frameworks */ = {isa = PBXBuildFile; productRef = AF302C652BAC466F002E686E /* FirebaseAnalytics */; };
		AF302C6A2BAC466F002E686E /* FirebaseAnalyticsSwift in Frameworks */ = {isa = PBXBuildFile; productRef = AF302C692BAC466F002E686E /* FirebaseAnalyticsSwift */; };
		AF302C6E2BAC466F002E686E /* FirebaseAppCheck in Frameworks */ = {isa = PBXBuildFile; productRef = AF302C6D2BAC466F002E686E /* FirebaseAppCheck */; };
		AF5BDD542BB168B2006E6C9A /* RemoteConfigDefaults.plist in Resources */ = {isa = PBXBuildFile; fileRef = AF5BDD502BB160CB006E6C9A /* RemoteConfigDefaults.plist */; };
		AF5FA8C92BB2AA4E00CC79D3 /* FeatureFlags.swift in Sources */ = {isa = PBXBuildFile; fileRef = AF5FA8C82BB2AA4E00CC79D3 /* FeatureFlags.swift */; };
		AF6854172BA9546100F35697 /* AppDelegate.swift in Sources */ = {isa = PBXBuildFile; fileRef = AF6854162BA9546100F35697 /* AppDelegate.swift */; };
		AF6854202BA9546200F35697 /* Assets.xcassets in Resources */ = {isa = PBXBuildFile; fileRef = AF68541F2BA9546200F35697 /* Assets.xcassets */; };
		AF68542B2BA9550600F35697 /* CharactersListView.swift in Sources */ = {isa = PBXBuildFile; fileRef = AF68542A2BA9550600F35697 /* CharactersListView.swift */; };
		AF68542D2BA9556100F35697 /* CharactersListViewStore.swift in Sources */ = {isa = PBXBuildFile; fileRef = AF68542C2BA9556100F35697 /* CharactersListViewStore.swift */; };
		AF68543A2BA95A3100F35697 /* StickyHeader.swift in Sources */ = {isa = PBXBuildFile; fileRef = AF6854392BA95A3100F35697 /* StickyHeader.swift */; };
		AF68543D2BA95B4700F35697 /* SDWebImageSwiftUI in Frameworks */ = {isa = PBXBuildFile; productRef = AF68543C2BA95B4700F35697 /* SDWebImageSwiftUI */; };
		AF6854402BA95B6A00F35697 /* Swinject in Frameworks */ = {isa = PBXBuildFile; productRef = AF68543F2BA95B6A00F35697 /* Swinject */; };
		AF6854422BA95B6A00F35697 /* Swinject-Dynamic in Frameworks */ = {isa = PBXBuildFile; productRef = AF6854412BA95B6A00F35697 /* Swinject-Dynamic */; };
		AF6854512BA95FB600F35697 /* APIError.swift in Sources */ = {isa = PBXBuildFile; fileRef = AF6854502BA95FB600F35697 /* APIError.swift */; };
		AF6854532BA95FD500F35697 /* GenericAPI.swift in Sources */ = {isa = PBXBuildFile; fileRef = AF6854522BA95FD500F35697 /* GenericAPI.swift */; };
		AF6854552BA9601800F35697 /* Client.swift in Sources */ = {isa = PBXBuildFile; fileRef = AF6854542BA9601800F35697 /* Client.swift */; };
		AF6854572BA961AD00F35697 /* UserInfo.swift in Sources */ = {isa = PBXBuildFile; fileRef = AF6854562BA961AD00F35697 /* UserInfo.swift */; };
		AF9294BE2BB6AF9F003A54FC /* View+RoundedCorner.swift in Sources */ = {isa = PBXBuildFile; fileRef = AF9294BD2BB6AF9F003A54FC /* View+RoundedCorner.swift */; };
		AFA4651A2BAD45310068E21A /* FirebaseRemoteConfig in Frameworks */ = {isa = PBXBuildFile; productRef = AFA465192BAD45310068E21A /* FirebaseRemoteConfig */; };
		AFBA9AA62BB2D15D00D37065 /* RemoteConfigDefaults.plist in Resources */ = {isa = PBXBuildFile; fileRef = AF5BDD502BB160CB006E6C9A /* RemoteConfigDefaults.plist */; };
		AFBA9AA82BB2D16300D37065 /* FeatureFlags.swift in Sources */ = {isa = PBXBuildFile; fileRef = AF5FA8C82BB2AA4E00CC79D3 /* FeatureFlags.swift */; };
		AFBA9AAA2BB2D17100D37065 /* UserInfo.swift in Sources */ = {isa = PBXBuildFile; fileRef = AF6854562BA961AD00F35697 /* UserInfo.swift */; };
		AFBA9AAB2BB2D17300D37065 /* CharactersData.swift in Sources */ = {isa = PBXBuildFile; fileRef = AFDEF8BA2BA994E700A1CF8E /* CharactersData.swift */; };
		AFBA9AAC2BB2D17600D37065 /* APIError.swift in Sources */ = {isa = PBXBuildFile; fileRef = AF6854502BA95FB600F35697 /* APIError.swift */; };
		AFBA9AAD2BB2D1BA00D37065 /* Client.swift in Sources */ = {isa = PBXBuildFile; fileRef = AF6854542BA9601800F35697 /* Client.swift */; };
		AFBA9AAE2BB2D1BE00D37065 /* GenericAPI.swift in Sources */ = {isa = PBXBuildFile; fileRef = AF6854522BA95FD500F35697 /* GenericAPI.swift */; };
		AFBA9AAF2BB2D1C200D37065 /* UserRepository.swift in Sources */ = {isa = PBXBuildFile; fileRef = AF302C4E2BAC0FA5002E686E /* UserRepository.swift */; };
		AFBA9AB02BB2D1C400D37065 /* CharactersRepository.swift in Sources */ = {isa = PBXBuildFile; fileRef = AF302C502BAC1545002E686E /* CharactersRepository.swift */; };
		AFBA9AB12BB2D1C800D37065 /* APIConfiguration.swift in Sources */ = {isa = PBXBuildFile; fileRef = AF302C552BAC2CEE002E686E /* APIConfiguration.swift */; };
		AFBA9AB22BB2D1CE00D37065 /* Coordinator.swift in Sources */ = {isa = PBXBuildFile; fileRef = AFD409552BAADBAB00AD464C /* Coordinator.swift */; };
		AFBA9AB32BB2D20600D37065 /* CharactersListViewStore.swift in Sources */ = {isa = PBXBuildFile; fileRef = AF68542C2BA9556100F35697 /* CharactersListViewStore.swift */; };
		AFBA9AB42BB2D20A00D37065 /* CharactersListView.swift in Sources */ = {isa = PBXBuildFile; fileRef = AF68542A2BA9550600F35697 /* CharactersListView.swift */; };
		AFBA9AB52BB2D20E00D37065 /* StickyHeader.swift in Sources */ = {isa = PBXBuildFile; fileRef = AF6854392BA95A3100F35697 /* StickyHeader.swift */; };
		AFBA9AB62BB2D21100D37065 /* AppDelegate.swift in Sources */ = {isa = PBXBuildFile; fileRef = AF6854162BA9546100F35697 /* AppDelegate.swift */; };
		AFBA9AB72BB2D25800D37065 /* Assets.xcassets in Resources */ = {isa = PBXBuildFile; fileRef = AF68541F2BA9546200F35697 /* Assets.xcassets */; };
		AFBA9ABA2BB2D4B100D37065 /* SDWebImageSwiftUI in Frameworks */ = {isa = PBXBuildFile; productRef = AFBA9AB92BB2D4B100D37065 /* SDWebImageSwiftUI */; };
		AFBA9ABC2BB2D4B100D37065 /* Swinject in Frameworks */ = {isa = PBXBuildFile; productRef = AFBA9ABB2BB2D4B100D37065 /* Swinject */; };
		AFBA9ABE2BB2D4B100D37065 /* FirebaseAnalytics in Frameworks */ = {isa = PBXBuildFile; productRef = AFBA9ABD2BB2D4B100D37065 /* FirebaseAnalytics */; };
		AFBA9AC02BB2D4BB00D37065 /* FirebaseAnalyticsSwift in Frameworks */ = {isa = PBXBuildFile; productRef = AFBA9ABF2BB2D4BB00D37065 /* FirebaseAnalyticsSwift */; };
		AFBA9AC22BB2D4CC00D37065 /* FirebaseAppCheck in Frameworks */ = {isa = PBXBuildFile; productRef = AFBA9AC12BB2D4CC00D37065 /* FirebaseAppCheck */; };
		AFBA9AC42BB2D4CC00D37065 /* FirebaseRemoteConfig in Frameworks */ = {isa = PBXBuildFile; productRef = AFBA9AC32BB2D4CC00D37065 /* FirebaseRemoteConfig */; };
		AFBA9AC62BB2D4DC00D37065 /* Swinject-Dynamic in Frameworks */ = {isa = PBXBuildFile; productRef = AFBA9AC52BB2D4DC00D37065 /* Swinject-Dynamic */; };
		AFBA9AC72BB2D4DC00D37065 /* Swinject-Dynamic in Embed Frameworks */ = {isa = PBXBuildFile; productRef = AFBA9AC52BB2D4DC00D37065 /* Swinject-Dynamic */; settings = {ATTRIBUTES = (CodeSignOnCopy, ); }; };
		AFBA9AC92BB2D4DC00D37065 /* SwinjectAutoregistration in Frameworks */ = {isa = PBXBuildFile; productRef = AFBA9AC82BB2D4DC00D37065 /* SwinjectAutoregistration */; };
		AFBA9ACC2BB2D4E500D37065 /* SwinjectAutoregistration-Dynamic in Frameworks */ = {isa = PBXBuildFile; productRef = AFBA9ACB2BB2D4E500D37065 /* SwinjectAutoregistration-Dynamic */; };
		AFBA9ACD2BB2D4E500D37065 /* SwinjectAutoregistration-Dynamic in Embed Frameworks */ = {isa = PBXBuildFile; productRef = AFBA9ACB2BB2D4E500D37065 /* SwinjectAutoregistration-Dynamic */; settings = {ATTRIBUTES = (CodeSignOnCopy, ); }; };
		AFD409562BAADBAB00AD464C /* Coordinator.swift in Sources */ = {isa = PBXBuildFile; fileRef = AFD409552BAADBAB00AD464C /* Coordinator.swift */; };
		AFD4095B2BAAE6AC00AD464C /* ServicesAssembly+Register.swift in Sources */ = {isa = PBXBuildFile; fileRef = AFD4095A2BAAE6AC00AD464C /* ServicesAssembly+Register.swift */; };
		AFDEF8BB2BA994E700A1CF8E /* CharactersData.swift in Sources */ = {isa = PBXBuildFile; fileRef = AFDEF8BA2BA994E700A1CF8E /* CharactersData.swift */; };
/* End PBXBuildFile section */

/* Begin PBXCopyFilesBuildPhase section */
		AFBA9ACA2BB2D4DC00D37065 /* Embed Frameworks */ = {
			isa = PBXCopyFilesBuildPhase;
			buildActionMask = 2147483647;
			dstPath = "";
			dstSubfolderSpec = 10;
			files = (
				AFBA9ACD2BB2D4E500D37065 /* SwinjectAutoregistration-Dynamic in Embed Frameworks */,
				AFBA9AC72BB2D4DC00D37065 /* Swinject-Dynamic in Embed Frameworks */,
			);
			name = "Embed Frameworks";
			runOnlyForDeploymentPostprocessing = 0;
		};
/* End PBXCopyFilesBuildPhase section */

/* Begin PBXFileReference section */
		9828AD4F2BFB36330030606D /* FeatureFlagProvider.swift */ = {isa = PBXFileReference; lastKnownFileType = sourcecode.swift; path = FeatureFlagProvider.swift; sourceTree = "<group>"; };
		9828AD512BFB39F60030606D /* GoogleService-Info.plist */ = {isa = PBXFileReference; fileEncoding = 4; lastKnownFileType = text.plist.xml; name = "GoogleService-Info.plist"; path = "../../../../../Downloads/Telegram/GoogleService-Info.plist"; sourceTree = "<group>"; };
		9828AD542BFB40C20030606D /* Resolver+Resolve.swift */ = {isa = PBXFileReference; lastKnownFileType = sourcecode.swift; path = "Resolver+Resolve.swift"; sourceTree = "<group>"; };
		9828AD582BFB46660030606D /* ServicesAssembly+Autoregister.swift */ = {isa = PBXFileReference; lastKnownFileType = sourcecode.swift; path = "ServicesAssembly+Autoregister.swift"; sourceTree = "<group>"; };
		98DAEA132BFC75F6002988AC /* ScreenAssembly+Register.swift */ = {isa = PBXFileReference; lastKnownFileType = sourcecode.swift; path = "ScreenAssembly+Register.swift"; sourceTree = "<group>"; };
		98DAEA152BFC7607002988AC /* ScreenAssembly+Autoregister.swift */ = {isa = PBXFileReference; lastKnownFileType = sourcecode.swift; path = "ScreenAssembly+Autoregister.swift"; sourceTree = "<group>"; };
		98DAEA202BFC7C63002988AC /* Container+Namespace.swift */ = {isa = PBXFileReference; lastKnownFileType = sourcecode.swift; path = "Container+Namespace.swift"; sourceTree = "<group>"; };
		98DAEA252BFCACF8002988AC /* Contaier+Resolve.swift */ = {isa = PBXFileReference; lastKnownFileType = sourcecode.swift; path = "Contaier+Resolve.swift"; sourceTree = "<group>"; };
		AF302C4E2BAC0FA5002E686E /* UserRepository.swift */ = {isa = PBXFileReference; lastKnownFileType = sourcecode.swift; path = UserRepository.swift; sourceTree = "<group>"; };
		AF302C502BAC1545002E686E /* CharactersRepository.swift */ = {isa = PBXFileReference; lastKnownFileType = sourcecode.swift; path = CharactersRepository.swift; sourceTree = "<group>"; };
		AF302C552BAC2CEE002E686E /* APIConfiguration.swift */ = {isa = PBXFileReference; lastKnownFileType = sourcecode.swift; path = APIConfiguration.swift; sourceTree = "<group>"; };
		AF5BDD502BB160CB006E6C9A /* RemoteConfigDefaults.plist */ = {isa = PBXFileReference; lastKnownFileType = text.plist.xml; path = RemoteConfigDefaults.plist; sourceTree = "<group>"; };
		AF5FA8C82BB2AA4E00CC79D3 /* FeatureFlags.swift */ = {isa = PBXFileReference; lastKnownFileType = sourcecode.swift; path = FeatureFlags.swift; sourceTree = "<group>"; };
		AF6854132BA9546100F35697 /* DisneyApp.app */ = {isa = PBXFileReference; explicitFileType = wrapper.application; includeInIndex = 0; path = DisneyApp.app; sourceTree = BUILT_PRODUCTS_DIR; };
		AF6854162BA9546100F35697 /* AppDelegate.swift */ = {isa = PBXFileReference; lastKnownFileType = sourcecode.swift; path = AppDelegate.swift; sourceTree = "<group>"; };
		AF68541F2BA9546200F35697 /* Assets.xcassets */ = {isa = PBXFileReference; lastKnownFileType = folder.assetcatalog; path = Assets.xcassets; sourceTree = "<group>"; };
		AF6854242BA9546200F35697 /* Info.plist */ = {isa = PBXFileReference; lastKnownFileType = text.plist.xml; path = Info.plist; sourceTree = "<group>"; };
		AF68542A2BA9550600F35697 /* CharactersListView.swift */ = {isa = PBXFileReference; lastKnownFileType = sourcecode.swift; path = CharactersListView.swift; sourceTree = "<group>"; };
		AF68542C2BA9556100F35697 /* CharactersListViewStore.swift */ = {isa = PBXFileReference; lastKnownFileType = sourcecode.swift; path = CharactersListViewStore.swift; sourceTree = "<group>"; };
		AF6854392BA95A3100F35697 /* StickyHeader.swift */ = {isa = PBXFileReference; lastKnownFileType = sourcecode.swift; path = StickyHeader.swift; sourceTree = "<group>"; };
		AF6854502BA95FB600F35697 /* APIError.swift */ = {isa = PBXFileReference; lastKnownFileType = sourcecode.swift; path = APIError.swift; sourceTree = "<group>"; };
		AF6854522BA95FD500F35697 /* GenericAPI.swift */ = {isa = PBXFileReference; lastKnownFileType = sourcecode.swift; path = GenericAPI.swift; sourceTree = "<group>"; };
		AF6854542BA9601800F35697 /* Client.swift */ = {isa = PBXFileReference; lastKnownFileType = sourcecode.swift; path = Client.swift; sourceTree = "<group>"; };
		AF6854562BA961AD00F35697 /* UserInfo.swift */ = {isa = PBXFileReference; lastKnownFileType = sourcecode.swift; path = UserInfo.swift; sourceTree = "<group>"; };
		AF9294BD2BB6AF9F003A54FC /* View+RoundedCorner.swift */ = {isa = PBXFileReference; lastKnownFileType = sourcecode.swift; path = "View+RoundedCorner.swift"; sourceTree = "<group>"; };
		AFBA9A922BB2D0E900D37065 /* DisneyApp (Autoregister).app */ = {isa = PBXFileReference; explicitFileType = wrapper.application; includeInIndex = 0; path = "DisneyApp (Autoregister).app"; sourceTree = BUILT_PRODUCTS_DIR; };
		AFD409552BAADBAB00AD464C /* Coordinator.swift */ = {isa = PBXFileReference; lastKnownFileType = sourcecode.swift; path = Coordinator.swift; sourceTree = "<group>"; };
		AFD4095A2BAAE6AC00AD464C /* ServicesAssembly+Register.swift */ = {isa = PBXFileReference; lastKnownFileType = sourcecode.swift; path = "ServicesAssembly+Register.swift"; sourceTree = "<group>"; };
		AFDEF8BA2BA994E700A1CF8E /* CharactersData.swift */ = {isa = PBXFileReference; lastKnownFileType = sourcecode.swift; path = CharactersData.swift; sourceTree = "<group>"; };
/* End PBXFileReference section */

/* Begin PBXFrameworksBuildPhase section */
		AF6854102BA9546100F35697 /* Frameworks */ = {
			isa = PBXFrameworksBuildPhase;
			buildActionMask = 2147483647;
			files = (
				AFA4651A2BAD45310068E21A /* FirebaseRemoteConfig in Frameworks */,
				AF302C6E2BAC466F002E686E /* FirebaseAppCheck in Frameworks */,
				AF302C6A2BAC466F002E686E /* FirebaseAnalyticsSwift in Frameworks */,
				AF6854422BA95B6A00F35697 /* Swinject-Dynamic in Frameworks */,
				AF68543D2BA95B4700F35697 /* SDWebImageSwiftUI in Frameworks */,
				AF302C662BAC466F002E686E /* FirebaseAnalytics in Frameworks */,
				AF6854402BA95B6A00F35697 /* Swinject in Frameworks */,
			);
			runOnlyForDeploymentPostprocessing = 0;
		};
		AFBA9A8F2BB2D0E900D37065 /* Frameworks */ = {
			isa = PBXFrameworksBuildPhase;
			buildActionMask = 2147483647;
			files = (
				AFBA9AC02BB2D4BB00D37065 /* FirebaseAnalyticsSwift in Frameworks */,
				AFBA9ACC2BB2D4E500D37065 /* SwinjectAutoregistration-Dynamic in Frameworks */,
				AFBA9AC62BB2D4DC00D37065 /* Swinject-Dynamic in Frameworks */,
				AFBA9ABA2BB2D4B100D37065 /* SDWebImageSwiftUI in Frameworks */,
				AFBA9AC92BB2D4DC00D37065 /* SwinjectAutoregistration in Frameworks */,
				AFBA9ABC2BB2D4B100D37065 /* Swinject in Frameworks */,
				AFBA9AC42BB2D4CC00D37065 /* FirebaseRemoteConfig in Frameworks */,
				AFBA9AC22BB2D4CC00D37065 /* FirebaseAppCheck in Frameworks */,
				AFBA9ABE2BB2D4B100D37065 /* FirebaseAnalytics in Frameworks */,
			);
			runOnlyForDeploymentPostprocessing = 0;
		};
/* End PBXFrameworksBuildPhase section */

/* Begin PBXGroup section */
		AF302C522BAC2B32002E686E /* Repositories */ = {
			isa = PBXGroup;
			children = (
				AF302C4E2BAC0FA5002E686E /* UserRepository.swift */,
				AF302C502BAC1545002E686E /* CharactersRepository.swift */,
			);
			path = Repositories;
			sourceTree = "<group>";
		};
		AF302C532BAC2B48002E686E /* Client */ = {
			isa = PBXGroup;
			children = (
				AF6854522BA95FD500F35697 /* GenericAPI.swift */,
				AF6854542BA9601800F35697 /* Client.swift */,
			);
			path = Client;
			sourceTree = "<group>";
		};
		AF302C542BAC2B5A002E686E /* Utils */ = {
			isa = PBXGroup;
			children = (
				AF6854502BA95FB600F35697 /* APIError.swift */,
			);
			path = Utils;
			sourceTree = "<group>";
		};
		AF5BDD4F2BB160BE006E6C9A /* Resources */ = {
			isa = PBXGroup;
			children = (
				AF68541F2BA9546200F35697 /* Assets.xcassets */,
				AF6854242BA9546200F35697 /* Info.plist */,
				AF5BDD502BB160CB006E6C9A /* RemoteConfigDefaults.plist */,
				9828AD512BFB39F60030606D /* GoogleService-Info.plist */,
				AF5FA8C82BB2AA4E00CC79D3 /* FeatureFlags.swift */,
			);
			path = Resources;
			sourceTree = "<group>";
		};
		AF68540A2BA9546100F35697 = {
			isa = PBXGroup;
			children = (
				AF6854152BA9546100F35697 /* DisneyApp */,
				AF6854142BA9546100F35697 /* Products */,
				AFA465182BAD45310068E21A /* Frameworks */,
			);
			sourceTree = "<group>";
		};
		AF6854142BA9546100F35697 /* Products */ = {
			isa = PBXGroup;
			children = (
				AF6854132BA9546100F35697 /* DisneyApp.app */,
				AFBA9A922BB2D0E900D37065 /* DisneyApp (Autoregister).app */,
			);
			name = Products;
			sourceTree = "<group>";
		};
		AF6854152BA9546100F35697 /* DisneyApp */ = {
			isa = PBXGroup;
			children = (
				AF9294BC2BB6AF93003A54FC /* Extensions */,
				AF5BDD4F2BB160BE006E6C9A /* Resources */,
				AF6854322BA9568200F35697 /* Core */,
				AF68542E2BA9564E00F35697 /* Flows */,
				AF6854162BA9546100F35697 /* AppDelegate.swift */,
			);
			path = DisneyApp;
			sourceTree = "<group>";
		};
		AF68542E2BA9564E00F35697 /* Flows */ = {
			isa = PBXGroup;
			children = (
				AFD409552BAADBAB00AD464C /* Coordinator.swift */,
				AF68542F2BA9566000F35697 /* CharactersList */,
			);
			path = Flows;
			sourceTree = "<group>";
		};
		AF68542F2BA9566000F35697 /* CharactersList */ = {
			isa = PBXGroup;
			children = (
				AF6854312BA9567300F35697 /* ViewStore */,
				AF6854302BA9566E00F35697 /* Views */,
			);
			path = CharactersList;
			sourceTree = "<group>";
		};
		AF6854302BA9566E00F35697 /* Views */ = {
			isa = PBXGroup;
			children = (
				AF68542A2BA9550600F35697 /* CharactersListView.swift */,
				AF6854392BA95A3100F35697 /* StickyHeader.swift */,
			);
			path = Views;
			sourceTree = "<group>";
		};
		AF6854312BA9567300F35697 /* ViewStore */ = {
			isa = PBXGroup;
			children = (
				AF68542C2BA9556100F35697 /* CharactersListViewStore.swift */,
			);
			path = ViewStore;
			sourceTree = "<group>";
		};
		AF6854322BA9568200F35697 /* Core */ = {
			isa = PBXGroup;
			children = (
				AFD409592BAAE53300AD464C /* DI */,
				AFD409572BAADF0D00AD464C /* API */,
				9828AD4F2BFB36330030606D /* FeatureFlagProvider.swift */,
			);
			path = Core;
			sourceTree = "<group>";
		};
		AF9294BC2BB6AF93003A54FC /* Extensions */ = {
			isa = PBXGroup;
			children = (
				AF9294BD2BB6AF9F003A54FC /* View+RoundedCorner.swift */,
				9828AD542BFB40C20030606D /* Resolver+Resolve.swift */,
				98DAEA202BFC7C63002988AC /* Container+Namespace.swift */,
				98DAEA252BFCACF8002988AC /* Contaier+Resolve.swift */,
			);
			path = Extensions;
			sourceTree = "<group>";
		};
		AFA465182BAD45310068E21A /* Frameworks */ = {
			isa = PBXGroup;
			children = (
			);
			name = Frameworks;
			sourceTree = "<group>";
		};
		AFD409572BAADF0D00AD464C /* API */ = {
			isa = PBXGroup;
			children = (
				AFD409582BAADF2200AD464C /* Models */,
				AF302C542BAC2B5A002E686E /* Utils */,
				AF302C532BAC2B48002E686E /* Client */,
				AF302C522BAC2B32002E686E /* Repositories */,
				AF302C552BAC2CEE002E686E /* APIConfiguration.swift */,
			);
			path = API;
			sourceTree = "<group>";
		};
		AFD409582BAADF2200AD464C /* Models */ = {
			isa = PBXGroup;
			children = (
				AF6854562BA961AD00F35697 /* UserInfo.swift */,
				AFDEF8BA2BA994E700A1CF8E /* CharactersData.swift */,
			);
			path = Models;
			sourceTree = "<group>";
		};
		AFD409592BAAE53300AD464C /* DI */ = {
			isa = PBXGroup;
			children = (
				AFD4095A2BAAE6AC00AD464C /* ServicesAssembly+Register.swift */,
				9828AD582BFB46660030606D /* ServicesAssembly+Autoregister.swift */,
				98DAEA132BFC75F6002988AC /* ScreenAssembly+Register.swift */,
				98DAEA152BFC7607002988AC /* ScreenAssembly+Autoregister.swift */,
			);
			path = DI;
			sourceTree = "<group>";
		};
/* End PBXGroup section */

/* Begin PBXNativeTarget section */
		AF6854122BA9546100F35697 /* DisneyApp */ = {
			isa = PBXNativeTarget;
			buildConfigurationList = AF6854272BA9546200F35697 /* Build configuration list for PBXNativeTarget "DisneyApp" */;
			buildPhases = (
				AF68540F2BA9546100F35697 /* Sources */,
				AF6854102BA9546100F35697 /* Frameworks */,
				AF6854112BA9546100F35697 /* Resources */,
			);
			buildRules = (
			);
			dependencies = (
			);
			name = DisneyApp;
			packageProductDependencies = (
				AF68543C2BA95B4700F35697 /* SDWebImageSwiftUI */,
				AF68543F2BA95B6A00F35697 /* Swinject */,
				AF6854412BA95B6A00F35697 /* Swinject-Dynamic */,
				AF302C652BAC466F002E686E /* FirebaseAnalytics */,
				AF302C692BAC466F002E686E /* FirebaseAnalyticsSwift */,
				AF302C6D2BAC466F002E686E /* FirebaseAppCheck */,
				AFA465192BAD45310068E21A /* FirebaseRemoteConfig */,
			);
			productName = DisneyApp;
			productReference = AF6854132BA9546100F35697 /* DisneyApp.app */;
			productType = "com.apple.product-type.application";
		};
		AFBA9A912BB2D0E900D37065 /* DisneyApp (Autoregister) */ = {
			isa = PBXNativeTarget;
			buildConfigurationList = AFBA9AA52BB2D0EA00D37065 /* Build configuration list for PBXNativeTarget "DisneyApp (Autoregister)" */;
			buildPhases = (
				AFBA9A8E2BB2D0E900D37065 /* Sources */,
				AFBA9A8F2BB2D0E900D37065 /* Frameworks */,
				AFBA9A902BB2D0E900D37065 /* Resources */,
				AFBA9ACA2BB2D4DC00D37065 /* Embed Frameworks */,
			);
			buildRules = (
			);
			dependencies = (
			);
			name = "DisneyApp (Autoregister)";
			packageProductDependencies = (
				AFBA9AB92BB2D4B100D37065 /* SDWebImageSwiftUI */,
				AFBA9ABB2BB2D4B100D37065 /* Swinject */,
				AFBA9ABD2BB2D4B100D37065 /* FirebaseAnalytics */,
				AFBA9ABF2BB2D4BB00D37065 /* FirebaseAnalyticsSwift */,
				AFBA9AC12BB2D4CC00D37065 /* FirebaseAppCheck */,
				AFBA9AC32BB2D4CC00D37065 /* FirebaseRemoteConfig */,
				AFBA9AC52BB2D4DC00D37065 /* Swinject-Dynamic */,
				AFBA9AC82BB2D4DC00D37065 /* SwinjectAutoregistration */,
				AFBA9ACB2BB2D4E500D37065 /* SwinjectAutoregistration-Dynamic */,
			);
			productName = "DisneyApp (Autoregister)";
			productReference = AFBA9A922BB2D0E900D37065 /* DisneyApp (Autoregister).app */;
			productType = "com.apple.product-type.application";
		};
/* End PBXNativeTarget section */

/* Begin PBXProject section */
		AF68540B2BA9546100F35697 /* Project object */ = {
			isa = PBXProject;
			attributes = {
				BuildIndependentTargetsInParallel = 1;
				LastSwiftUpdateCheck = 1500;
				LastUpgradeCheck = 1500;
				TargetAttributes = {
					AF6854122BA9546100F35697 = {
						CreatedOnToolsVersion = 15.0.1;
					};
					AFBA9A912BB2D0E900D37065 = {
						CreatedOnToolsVersion = 15.0.1;
					};
				};
			};
			buildConfigurationList = AF68540E2BA9546100F35697 /* Build configuration list for PBXProject "DisneyApp" */;
			compatibilityVersion = "Xcode 14.0";
			developmentRegion = en;
			hasScannedForEncodings = 0;
			knownRegions = (
				en,
				Base,
			);
			mainGroup = AF68540A2BA9546100F35697;
			packageReferences = (
				AF68543B2BA95B4700F35697 /* XCRemoteSwiftPackageReference "SDWebImageSwiftUI" */,
				AF68543E2BA95B6A00F35697 /* XCRemoteSwiftPackageReference "Swinject" */,
				AF302C642BAC466F002E686E /* XCRemoteSwiftPackageReference "firebase-ios-sdk" */,
				AF5FA8CA2BB2B51100CC79D3 /* XCRemoteSwiftPackageReference "SwinjectAutoregistration" */,
			);
			productRefGroup = AF6854142BA9546100F35697 /* Products */;
			projectDirPath = "";
			projectRoot = "";
			targets = (
				AF6854122BA9546100F35697 /* DisneyApp */,
				AFBA9A912BB2D0E900D37065 /* DisneyApp (Autoregister) */,
			);
		};
/* End PBXProject section */

/* Begin PBXResourcesBuildPhase section */
		AF6854112BA9546100F35697 /* Resources */ = {
			isa = PBXResourcesBuildPhase;
			buildActionMask = 2147483647;
			files = (
				AF5BDD542BB168B2006E6C9A /* RemoteConfigDefaults.plist in Resources */,
				9828AD522BFB39F60030606D /* GoogleService-Info.plist in Resources */,
				AF6854202BA9546200F35697 /* Assets.xcassets in Resources */,
			);
			runOnlyForDeploymentPostprocessing = 0;
		};
		AFBA9A902BB2D0E900D37065 /* Resources */ = {
			isa = PBXResourcesBuildPhase;
			buildActionMask = 2147483647;
			files = (
				AFBA9AB72BB2D25800D37065 /* Assets.xcassets in Resources */,
				AFBA9AA62BB2D15D00D37065 /* RemoteConfigDefaults.plist in Resources */,
				9828AD532BFB3B660030606D /* GoogleService-Info.plist in Resources */,
			);
			runOnlyForDeploymentPostprocessing = 0;
		};
/* End PBXResourcesBuildPhase section */

/* Begin PBXSourcesBuildPhase section */
		AF68540F2BA9546100F35697 /* Sources */ = {
			isa = PBXSourcesBuildPhase;
			buildActionMask = 2147483647;
			files = (
				AFD4095B2BAAE6AC00AD464C /* ServicesAssembly+Register.swift in Sources */,
				9828AD552BFB40C20030606D /* Resolver+Resolve.swift in Sources */,
				AF6854512BA95FB600F35697 /* APIError.swift in Sources */,
				AF302C4F2BAC0FA5002E686E /* UserRepository.swift in Sources */,
				98DAEA142BFC75F6002988AC /* ScreenAssembly+Register.swift in Sources */,
				AF68542B2BA9550600F35697 /* CharactersListView.swift in Sources */,
				AFD409562BAADBAB00AD464C /* Coordinator.swift in Sources */,
				AF5FA8C92BB2AA4E00CC79D3 /* FeatureFlags.swift in Sources */,
				AF302C562BAC2CEE002E686E /* APIConfiguration.swift in Sources */,
				AF6854532BA95FD500F35697 /* GenericAPI.swift in Sources */,
				AF6854172BA9546100F35697 /* AppDelegate.swift in Sources */,
				AF68542D2BA9556100F35697 /* CharactersListViewStore.swift in Sources */,
				AF68543A2BA95A3100F35697 /* StickyHeader.swift in Sources */,
				AF6854572BA961AD00F35697 /* UserInfo.swift in Sources */,
				9828AD502BFB36330030606D /* FeatureFlagProvider.swift in Sources */,
				AF6854552BA9601800F35697 /* Client.swift in Sources */,
				AF9294BE2BB6AF9F003A54FC /* View+RoundedCorner.swift in Sources */,
				AFDEF8BB2BA994E700A1CF8E /* CharactersData.swift in Sources */,
				98DAEA262BFCACF8002988AC /* Contaier+Resolve.swift in Sources */,
				AF302C512BAC1545002E686E /* CharactersRepository.swift in Sources */,
				98DAEA212BFC7C63002988AC /* Container+Namespace.swift in Sources */,
			);
			runOnlyForDeploymentPostprocessing = 0;
		};
		AFBA9A8E2BB2D0E900D37065 /* Sources */ = {
			isa = PBXSourcesBuildPhase;
			buildActionMask = 2147483647;
			files = (
				AFBA9AA82BB2D16300D37065 /* FeatureFlags.swift in Sources */,
				AFBA9AB02BB2D1C400D37065 /* CharactersRepository.swift in Sources */,
				AFBA9AAB2BB2D17300D37065 /* CharactersData.swift in Sources */,
				98DAEA222BFC7CF8002988AC /* Container+Namespace.swift in Sources */,
				AFBA9AB62BB2D21100D37065 /* AppDelegate.swift in Sources */,
				AFBA9AAD2BB2D1BA00D37065 /* Client.swift in Sources */,
				AFBA9AAA2BB2D17100D37065 /* UserInfo.swift in Sources */,
				AFBA9AAE2BB2D1BE00D37065 /* GenericAPI.swift in Sources */,
				AFBA9AB22BB2D1CE00D37065 /* Coordinator.swift in Sources */,
				98DAEA272BFCAD04002988AC /* Contaier+Resolve.swift in Sources */,
				98DAEA172BFC7668002988AC /* ScreenAssembly+Autoregister.swift in Sources */,
				9828AD562BFB41D00030606D /* Resolver+Resolve.swift in Sources */,
				9828AD5A2BFB47080030606D /* ServicesAssembly+Autoregister.swift in Sources */,
				AFBA9AB52BB2D20E00D37065 /* StickyHeader.swift in Sources */,
				AFBA9AAC2BB2D17600D37065 /* APIError.swift in Sources */,
				AFBA9AB32BB2D20600D37065 /* CharactersListViewStore.swift in Sources */,
				9828AD572BFB430D0030606D /* FeatureFlagProvider.swift in Sources */,
				AFBA9AB12BB2D1C800D37065 /* APIConfiguration.swift in Sources */,
				AFBA9AAF2BB2D1C200D37065 /* UserRepository.swift in Sources */,
				AFBA9AB42BB2D20A00D37065 /* CharactersListView.swift in Sources */,
			);
			runOnlyForDeploymentPostprocessing = 0;
		};
/* End PBXSourcesBuildPhase section */

/* Begin XCBuildConfiguration section */
		AF6854252BA9546200F35697 /* Debug */ = {
			isa = XCBuildConfiguration;
			buildSettings = {
				ALWAYS_SEARCH_USER_PATHS = NO;
				ASSETCATALOG_COMPILER_GENERATE_SWIFT_ASSET_SYMBOL_EXTENSIONS = YES;
				CLANG_ANALYZER_NONNULL = YES;
				CLANG_ANALYZER_NUMBER_OBJECT_CONVERSION = YES_AGGRESSIVE;
				CLANG_CXX_LANGUAGE_STANDARD = "gnu++20";
				CLANG_ENABLE_MODULES = YES;
				CLANG_ENABLE_OBJC_ARC = YES;
				CLANG_ENABLE_OBJC_WEAK = YES;
				CLANG_WARN_BLOCK_CAPTURE_AUTORELEASING = YES;
				CLANG_WARN_BOOL_CONVERSION = YES;
				CLANG_WARN_COMMA = YES;
				CLANG_WARN_CONSTANT_CONVERSION = YES;
				CLANG_WARN_DEPRECATED_OBJC_IMPLEMENTATIONS = YES;
				CLANG_WARN_DIRECT_OBJC_ISA_USAGE = YES_ERROR;
				CLANG_WARN_DOCUMENTATION_COMMENTS = YES;
				CLANG_WARN_EMPTY_BODY = YES;
				CLANG_WARN_ENUM_CONVERSION = YES;
				CLANG_WARN_INFINITE_RECURSION = YES;
				CLANG_WARN_INT_CONVERSION = YES;
				CLANG_WARN_NON_LITERAL_NULL_CONVERSION = YES;
				CLANG_WARN_OBJC_IMPLICIT_RETAIN_SELF = YES;
				CLANG_WARN_OBJC_LITERAL_CONVERSION = YES;
				CLANG_WARN_OBJC_ROOT_CLASS = YES_ERROR;
				CLANG_WARN_QUOTED_INCLUDE_IN_FRAMEWORK_HEADER = YES;
				CLANG_WARN_RANGE_LOOP_ANALYSIS = YES;
				CLANG_WARN_STRICT_PROTOTYPES = YES;
				CLANG_WARN_SUSPICIOUS_MOVE = YES;
				CLANG_WARN_UNGUARDED_AVAILABILITY = YES_AGGRESSIVE;
				CLANG_WARN_UNREACHABLE_CODE = YES;
				CLANG_WARN__DUPLICATE_METHOD_MATCH = YES;
				COPY_PHASE_STRIP = NO;
				DEBUG_INFORMATION_FORMAT = dwarf;
				ENABLE_STRICT_OBJC_MSGSEND = YES;
				ENABLE_TESTABILITY = YES;
				ENABLE_USER_SCRIPT_SANDBOXING = YES;
				GCC_C_LANGUAGE_STANDARD = gnu17;
				GCC_DYNAMIC_NO_PIC = NO;
				GCC_NO_COMMON_BLOCKS = YES;
				GCC_OPTIMIZATION_LEVEL = 0;
				GCC_PREPROCESSOR_DEFINITIONS = (
					"DEBUG=1",
					"$(inherited)",
				);
				GCC_WARN_64_TO_32_BIT_CONVERSION = YES;
				GCC_WARN_ABOUT_RETURN_TYPE = YES_ERROR;
				GCC_WARN_UNDECLARED_SELECTOR = YES;
				GCC_WARN_UNINITIALIZED_AUTOS = YES_AGGRESSIVE;
				GCC_WARN_UNUSED_FUNCTION = YES;
				GCC_WARN_UNUSED_VARIABLE = YES;
				IPHONEOS_DEPLOYMENT_TARGET = 17.0;
				LOCALIZATION_PREFERS_STRING_CATALOGS = YES;
				MTL_ENABLE_DEBUG_INFO = INCLUDE_SOURCE;
				MTL_FAST_MATH = YES;
				ONLY_ACTIVE_ARCH = YES;
				SDKROOT = iphoneos;
				SWIFT_ACTIVE_COMPILATION_CONDITIONS = "DEBUG $(inherited)";
				SWIFT_OPTIMIZATION_LEVEL = "-Onone";
			};
			name = Debug;
		};
		AF6854262BA9546200F35697 /* Release */ = {
			isa = XCBuildConfiguration;
			buildSettings = {
				ALWAYS_SEARCH_USER_PATHS = NO;
				ASSETCATALOG_COMPILER_GENERATE_SWIFT_ASSET_SYMBOL_EXTENSIONS = YES;
				CLANG_ANALYZER_NONNULL = YES;
				CLANG_ANALYZER_NUMBER_OBJECT_CONVERSION = YES_AGGRESSIVE;
				CLANG_CXX_LANGUAGE_STANDARD = "gnu++20";
				CLANG_ENABLE_MODULES = YES;
				CLANG_ENABLE_OBJC_ARC = YES;
				CLANG_ENABLE_OBJC_WEAK = YES;
				CLANG_WARN_BLOCK_CAPTURE_AUTORELEASING = YES;
				CLANG_WARN_BOOL_CONVERSION = YES;
				CLANG_WARN_COMMA = YES;
				CLANG_WARN_CONSTANT_CONVERSION = YES;
				CLANG_WARN_DEPRECATED_OBJC_IMPLEMENTATIONS = YES;
				CLANG_WARN_DIRECT_OBJC_ISA_USAGE = YES_ERROR;
				CLANG_WARN_DOCUMENTATION_COMMENTS = YES;
				CLANG_WARN_EMPTY_BODY = YES;
				CLANG_WARN_ENUM_CONVERSION = YES;
				CLANG_WARN_INFINITE_RECURSION = YES;
				CLANG_WARN_INT_CONVERSION = YES;
				CLANG_WARN_NON_LITERAL_NULL_CONVERSION = YES;
				CLANG_WARN_OBJC_IMPLICIT_RETAIN_SELF = YES;
				CLANG_WARN_OBJC_LITERAL_CONVERSION = YES;
				CLANG_WARN_OBJC_ROOT_CLASS = YES_ERROR;
				CLANG_WARN_QUOTED_INCLUDE_IN_FRAMEWORK_HEADER = YES;
				CLANG_WARN_RANGE_LOOP_ANALYSIS = YES;
				CLANG_WARN_STRICT_PROTOTYPES = YES;
				CLANG_WARN_SUSPICIOUS_MOVE = YES;
				CLANG_WARN_UNGUARDED_AVAILABILITY = YES_AGGRESSIVE;
				CLANG_WARN_UNREACHABLE_CODE = YES;
				CLANG_WARN__DUPLICATE_METHOD_MATCH = YES;
				COPY_PHASE_STRIP = NO;
				DEBUG_INFORMATION_FORMAT = "dwarf-with-dsym";
				ENABLE_NS_ASSERTIONS = NO;
				ENABLE_STRICT_OBJC_MSGSEND = YES;
				ENABLE_USER_SCRIPT_SANDBOXING = YES;
				GCC_C_LANGUAGE_STANDARD = gnu17;
				GCC_NO_COMMON_BLOCKS = YES;
				GCC_WARN_64_TO_32_BIT_CONVERSION = YES;
				GCC_WARN_ABOUT_RETURN_TYPE = YES_ERROR;
				GCC_WARN_UNDECLARED_SELECTOR = YES;
				GCC_WARN_UNINITIALIZED_AUTOS = YES_AGGRESSIVE;
				GCC_WARN_UNUSED_FUNCTION = YES;
				GCC_WARN_UNUSED_VARIABLE = YES;
				IPHONEOS_DEPLOYMENT_TARGET = 17.0;
				LOCALIZATION_PREFERS_STRING_CATALOGS = YES;
				MTL_ENABLE_DEBUG_INFO = NO;
				MTL_FAST_MATH = YES;
				SDKROOT = iphoneos;
				SWIFT_COMPILATION_MODE = wholemodule;
				VALIDATE_PRODUCT = YES;
			};
			name = Release;
		};
		AF6854282BA9546200F35697 /* Debug */ = {
			isa = XCBuildConfiguration;
			buildSettings = {
				ASSETCATALOG_COMPILER_APPICON_NAME = AppIcon;
				ASSETCATALOG_COMPILER_GLOBAL_ACCENT_COLOR_NAME = AccentColor;
				CODE_SIGN_STYLE = Automatic;
				CURRENT_PROJECT_VERSION = 1;
				GENERATE_INFOPLIST_FILE = YES;
				INFOPLIST_FILE = DisneyApp/Resources/Info.plist;
				INFOPLIST_KEY_UIApplicationSupportsIndirectInputEvents = YES;
				INFOPLIST_KEY_UILaunchStoryboardName = LaunchScreen;
				INFOPLIST_KEY_UIMainStoryboardFile = "";
				INFOPLIST_KEY_UISupportedInterfaceOrientations_iPad = "UIInterfaceOrientationPortrait UIInterfaceOrientationPortraitUpsideDown UIInterfaceOrientationLandscapeLeft UIInterfaceOrientationLandscapeRight";
				INFOPLIST_KEY_UISupportedInterfaceOrientations_iPhone = "UIInterfaceOrientationPortrait UIInterfaceOrientationLandscapeLeft UIInterfaceOrientationLandscapeRight";
				LD_RUNPATH_SEARCH_PATHS = (
					"$(inherited)",
					"@executable_path/Frameworks",
				);
				MARKETING_VERSION = 1.0;
				PRODUCT_BUNDLE_IDENTIFIER = com.kravchenko.DisneyApp;
				PRODUCT_NAME = "$(TARGET_NAME)";
				SWIFT_EMIT_LOC_STRINGS = YES;
				SWIFT_VERSION = 5.0;
				TARGETED_DEVICE_FAMILY = "1,2";
			};
			name = Debug;
		};
		AF6854292BA9546200F35697 /* Release */ = {
			isa = XCBuildConfiguration;
			buildSettings = {
				ASSETCATALOG_COMPILER_APPICON_NAME = AppIcon;
				ASSETCATALOG_COMPILER_GLOBAL_ACCENT_COLOR_NAME = AccentColor;
				CODE_SIGN_STYLE = Automatic;
				CURRENT_PROJECT_VERSION = 1;
				GENERATE_INFOPLIST_FILE = YES;
				INFOPLIST_FILE = DisneyApp/Resources/Info.plist;
				INFOPLIST_KEY_UIApplicationSupportsIndirectInputEvents = YES;
				INFOPLIST_KEY_UILaunchStoryboardName = LaunchScreen;
				INFOPLIST_KEY_UIMainStoryboardFile = "";
				INFOPLIST_KEY_UISupportedInterfaceOrientations_iPad = "UIInterfaceOrientationPortrait UIInterfaceOrientationPortraitUpsideDown UIInterfaceOrientationLandscapeLeft UIInterfaceOrientationLandscapeRight";
				INFOPLIST_KEY_UISupportedInterfaceOrientations_iPhone = "UIInterfaceOrientationPortrait UIInterfaceOrientationLandscapeLeft UIInterfaceOrientationLandscapeRight";
				LD_RUNPATH_SEARCH_PATHS = (
					"$(inherited)",
					"@executable_path/Frameworks",
				);
				MARKETING_VERSION = 1.0;
				PRODUCT_BUNDLE_IDENTIFIER = com.kravchenko.DisneyApp;
				PRODUCT_NAME = "$(TARGET_NAME)";
				SWIFT_EMIT_LOC_STRINGS = YES;
				SWIFT_VERSION = 5.0;
				TARGETED_DEVICE_FAMILY = "1,2";
			};
			name = Release;
		};
		AFBA9AA32BB2D0EA00D37065 /* Debug */ = {
			isa = XCBuildConfiguration;
			buildSettings = {
				ASSETCATALOG_COMPILER_APPICON_NAME = AppIcon;
				ASSETCATALOG_COMPILER_GLOBAL_ACCENT_COLOR_NAME = AccentColor;
				CODE_SIGN_STYLE = Automatic;
				CURRENT_PROJECT_VERSION = 1;
				GENERATE_INFOPLIST_FILE = YES;
				INFOPLIST_FILE = DisneyApp/Resources/Info.plist;
				INFOPLIST_KEY_UIApplicationSupportsIndirectInputEvents = YES;
				INFOPLIST_KEY_UILaunchStoryboardName = LaunchScreen;
				INFOPLIST_KEY_UISupportedInterfaceOrientations_iPad = "UIInterfaceOrientationPortrait UIInterfaceOrientationPortraitUpsideDown UIInterfaceOrientationLandscapeLeft UIInterfaceOrientationLandscapeRight";
				INFOPLIST_KEY_UISupportedInterfaceOrientations_iPhone = "UIInterfaceOrientationPortrait UIInterfaceOrientationLandscapeLeft UIInterfaceOrientationLandscapeRight";
				LD_RUNPATH_SEARCH_PATHS = (
					"$(inherited)",
					"@executable_path/Frameworks",
				);
				MARKETING_VERSION = 1.0;
				PRODUCT_BUNDLE_IDENTIFIER = "com.kravchenko.DisneyApp--Autoregister-";
				PRODUCT_NAME = "$(TARGET_NAME)";
				SWIFT_EMIT_LOC_STRINGS = YES;
				SWIFT_VERSION = 5.0;
				TARGETED_DEVICE_FAMILY = "1,2";
			};
			name = Debug;
		};
		AFBA9AA42BB2D0EA00D37065 /* Release */ = {
			isa = XCBuildConfiguration;
			buildSettings = {
				ASSETCATALOG_COMPILER_APPICON_NAME = AppIcon;
				ASSETCATALOG_COMPILER_GLOBAL_ACCENT_COLOR_NAME = AccentColor;
				CODE_SIGN_STYLE = Automatic;
				CURRENT_PROJECT_VERSION = 1;
				GENERATE_INFOPLIST_FILE = YES;
				INFOPLIST_FILE = DisneyApp/Resources/Info.plist;
				INFOPLIST_KEY_UIApplicationSupportsIndirectInputEvents = YES;
				INFOPLIST_KEY_UILaunchStoryboardName = LaunchScreen;
				INFOPLIST_KEY_UISupportedInterfaceOrientations_iPad = "UIInterfaceOrientationPortrait UIInterfaceOrientationPortraitUpsideDown UIInterfaceOrientationLandscapeLeft UIInterfaceOrientationLandscapeRight";
				INFOPLIST_KEY_UISupportedInterfaceOrientations_iPhone = "UIInterfaceOrientationPortrait UIInterfaceOrientationLandscapeLeft UIInterfaceOrientationLandscapeRight";
				LD_RUNPATH_SEARCH_PATHS = (
					"$(inherited)",
					"@executable_path/Frameworks",
				);
				MARKETING_VERSION = 1.0;
				PRODUCT_BUNDLE_IDENTIFIER = "com.kravchenko.DisneyApp--Autoregister-";
				PRODUCT_NAME = "$(TARGET_NAME)";
				SWIFT_EMIT_LOC_STRINGS = YES;
				SWIFT_VERSION = 5.0;
				TARGETED_DEVICE_FAMILY = "1,2";
			};
			name = Release;
		};
/* End XCBuildConfiguration section */

/* Begin XCConfigurationList section */
		AF68540E2BA9546100F35697 /* Build configuration list for PBXProject "DisneyApp" */ = {
			isa = XCConfigurationList;
			buildConfigurations = (
				AF6854252BA9546200F35697 /* Debug */,
				AF6854262BA9546200F35697 /* Release */,
			);
			defaultConfigurationIsVisible = 0;
			defaultConfigurationName = Release;
		};
		AF6854272BA9546200F35697 /* Build configuration list for PBXNativeTarget "DisneyApp" */ = {
			isa = XCConfigurationList;
			buildConfigurations = (
				AF6854282BA9546200F35697 /* Debug */,
				AF6854292BA9546200F35697 /* Release */,
			);
			defaultConfigurationIsVisible = 0;
			defaultConfigurationName = Release;
		};
		AFBA9AA52BB2D0EA00D37065 /* Build configuration list for PBXNativeTarget "DisneyApp (Autoregister)" */ = {
			isa = XCConfigurationList;
			buildConfigurations = (
				AFBA9AA32BB2D0EA00D37065 /* Debug */,
				AFBA9AA42BB2D0EA00D37065 /* Release */,
			);
			defaultConfigurationIsVisible = 0;
			defaultConfigurationName = Release;
		};
/* End XCConfigurationList section */

/* Begin XCRemoteSwiftPackageReference section */
		AF302C642BAC466F002E686E /* XCRemoteSwiftPackageReference "firebase-ios-sdk" */ = {
			isa = XCRemoteSwiftPackageReference;
			repositoryURL = "https://github.com/firebase/firebase-ios-sdk";
			requirement = {
				kind = upToNextMajorVersion;
				minimumVersion = 10.0.0;
			};
		};
		AF5FA8CA2BB2B51100CC79D3 /* XCRemoteSwiftPackageReference "SwinjectAutoregistration" */ = {
			isa = XCRemoteSwiftPackageReference;
			repositoryURL = "https://github.com/Swinject/SwinjectAutoregistration.git";
			requirement = {
				kind = upToNextMajorVersion;
				minimumVersion = 2.8.3;
			};
		};
		AF68543B2BA95B4700F35697 /* XCRemoteSwiftPackageReference "SDWebImageSwiftUI" */ = {
			isa = XCRemoteSwiftPackageReference;
			repositoryURL = "https://github.com/SDWebImage/SDWebImageSwiftUI.git";
			requirement = {
				kind = upToNextMajorVersion;
				minimumVersion = 3.0.1;
			};
		};
		AF68543E2BA95B6A00F35697 /* XCRemoteSwiftPackageReference "Swinject" */ = {
			isa = XCRemoteSwiftPackageReference;
			repositoryURL = "https://github.com/Swinject/Swinject.git";
			requirement = {
				kind = upToNextMajorVersion;
				minimumVersion = 2.8.4;
			};
		};
/* End XCRemoteSwiftPackageReference section */

/* Begin XCSwiftPackageProductDependency section */
		AF302C652BAC466F002E686E /* FirebaseAnalytics */ = {
			isa = XCSwiftPackageProductDependency;
			package = AF302C642BAC466F002E686E /* XCRemoteSwiftPackageReference "firebase-ios-sdk" */;
			productName = FirebaseAnalytics;
		};
		AF302C692BAC466F002E686E /* FirebaseAnalyticsSwift */ = {
			isa = XCSwiftPackageProductDependency;
			package = AF302C642BAC466F002E686E /* XCRemoteSwiftPackageReference "firebase-ios-sdk" */;
			productName = FirebaseAnalyticsSwift;
		};
		AF302C6D2BAC466F002E686E /* FirebaseAppCheck */ = {
			isa = XCSwiftPackageProductDependency;
			package = AF302C642BAC466F002E686E /* XCRemoteSwiftPackageReference "firebase-ios-sdk" */;
			productName = FirebaseAppCheck;
		};
		AF68543C2BA95B4700F35697 /* SDWebImageSwiftUI */ = {
			isa = XCSwiftPackageProductDependency;
			package = AF68543B2BA95B4700F35697 /* XCRemoteSwiftPackageReference "SDWebImageSwiftUI" */;
			productName = SDWebImageSwiftUI;
		};
		AF68543F2BA95B6A00F35697 /* Swinject */ = {
			isa = XCSwiftPackageProductDependency;
			package = AF68543E2BA95B6A00F35697 /* XCRemoteSwiftPackageReference "Swinject" */;
			productName = Swinject;
		};
		AF6854412BA95B6A00F35697 /* Swinject-Dynamic */ = {
			isa = XCSwiftPackageProductDependency;
			package = AF68543E2BA95B6A00F35697 /* XCRemoteSwiftPackageReference "Swinject" */;
			productName = "Swinject-Dynamic";
		};
		AFA465192BAD45310068E21A /* FirebaseRemoteConfig */ = {
			isa = XCSwiftPackageProductDependency;
			package = AF302C642BAC466F002E686E /* XCRemoteSwiftPackageReference "firebase-ios-sdk" */;
			productName = FirebaseRemoteConfig;
		};
		AFBA9AB92BB2D4B100D37065 /* SDWebImageSwiftUI */ = {
			isa = XCSwiftPackageProductDependency;
			package = AF68543B2BA95B4700F35697 /* XCRemoteSwiftPackageReference "SDWebImageSwiftUI" */;
			productName = SDWebImageSwiftUI;
		};
		AFBA9ABB2BB2D4B100D37065 /* Swinject */ = {
			isa = XCSwiftPackageProductDependency;
			package = AF68543E2BA95B6A00F35697 /* XCRemoteSwiftPackageReference "Swinject" */;
			productName = Swinject;
		};
		AFBA9ABD2BB2D4B100D37065 /* FirebaseAnalytics */ = {
			isa = XCSwiftPackageProductDependency;
			package = AF302C642BAC466F002E686E /* XCRemoteSwiftPackageReference "firebase-ios-sdk" */;
			productName = FirebaseAnalytics;
		};
		AFBA9ABF2BB2D4BB00D37065 /* FirebaseAnalyticsSwift */ = {
			isa = XCSwiftPackageProductDependency;
			package = AF302C642BAC466F002E686E /* XCRemoteSwiftPackageReference "firebase-ios-sdk" */;
			productName = FirebaseAnalyticsSwift;
		};
		AFBA9AC12BB2D4CC00D37065 /* FirebaseAppCheck */ = {
			isa = XCSwiftPackageProductDependency;
			package = AF302C642BAC466F002E686E /* XCRemoteSwiftPackageReference "firebase-ios-sdk" */;
			productName = FirebaseAppCheck;
		};
		AFBA9AC32BB2D4CC00D37065 /* FirebaseRemoteConfig */ = {
			isa = XCSwiftPackageProductDependency;
			package = AF302C642BAC466F002E686E /* XCRemoteSwiftPackageReference "firebase-ios-sdk" */;
			productName = FirebaseRemoteConfig;
		};
		AFBA9AC52BB2D4DC00D37065 /* Swinject-Dynamic */ = {
			isa = XCSwiftPackageProductDependency;
			package = AF68543E2BA95B6A00F35697 /* XCRemoteSwiftPackageReference "Swinject" */;
			productName = "Swinject-Dynamic";
		};
		AFBA9AC82BB2D4DC00D37065 /* SwinjectAutoregistration */ = {
			isa = XCSwiftPackageProductDependency;
			package = AF5FA8CA2BB2B51100CC79D3 /* XCRemoteSwiftPackageReference "SwinjectAutoregistration" */;
			productName = SwinjectAutoregistration;
		};
		AFBA9ACB2BB2D4E500D37065 /* SwinjectAutoregistration-Dynamic */ = {
			isa = XCSwiftPackageProductDependency;
			package = AF5FA8CA2BB2B51100CC79D3 /* XCRemoteSwiftPackageReference "SwinjectAutoregistration" */;
			productName = "SwinjectAutoregistration-Dynamic";
		};
/* End XCSwiftPackageProductDependency section */
	};
	rootObject = AF68540B2BA9546100F35697 /* Project object */;
}
